
Microsoft Visual Studio Solution File, Format Version 12.00
Project("{FAE04EC0-301F-11D3-BF4B-00C04F79EFBC}") = "KitCli.Example.MovingBetweenCommands", "KitCli.Example.MovingBetweenCommands\KitCli.Example.MovingBetweenCommands.csproj", "{C843EACB-6D01-470F-8770-106675A8E7BD}"
EndProject
Project("{2150E333-8FDC-42A3-9474-1A3956D46DE8}") = "Meta", "Meta", "{0EEE3FD3-539C-4B44-9C38-0A65CE2C306C}"
	ProjectSection(SolutionItems) = preProject
		.gitignore = .gitignore
		README.md = README.md
	EndProjectSection
EndProject
Global
	GlobalSection(SolutionConfigurationPlatforms) = preSolution
		Debug|Any CPU = Debug|Any CPU
		Release|Any CPU = Release|Any CPU
	EndGlobalSection
	GlobalSection(ProjectConfigurationPlatforms) = postSolution
		{C843EACB-6D01-470F-8770-106675A8E7BD}.Debug|Any CPU.ActiveCfg = Debug|Any CPU
		{C843EACB-6D01-470F-8770-106675A8E7BD}.Debug|Any CPU.Build.0 = Debug|Any CPU
		{C843EACB-6D01-470F-8770-106675A8E7BD}.Release|Any CPU.ActiveCfg = Release|Any CPU
		{C843EACB-6D01-470F-8770-106675A8E7BD}.Release|Any CPU.Build.0 = Release|Any CPU
	EndGlobalSection
EndGlobal
